PODS:
  - background_fetch (1.3.7):
    - Flutter
  - CocoaLumberjack (3.8.5):
    - CocoaLumberjack/Core (= 3.8.5)
  - CocoaLumberjack/Core (3.8.5)
  - Flutter (1.0.0)
  - flutter_background_geolocation (4.16.4):
    - CocoaLumberjack (~> 3.8.5)
    - Flutter
  - geolocator_apple (1.2.0):
    - Flutter

DEPENDENCIES:
  - background_fetch (from `.symlinks/plugins/background_fetch/ios`)
  - Flutter (from `Flutter`)
  - flutter_background_geolocation (from `.symlinks/plugins/flutter_background_geolocation/ios`)
  - geolocator_apple (from `.symlinks/plugins/geolocator_apple/ios`)

SPEC REPOS:
  trunk:
    - CocoaLumberjack

EXTERNAL SOURCES:
  background_fetch:
    :path: ".symlinks/plugins/background_fetch/ios"
  Flutter:
    :path: Flutter
  flutter_background_geolocation:
    :path: ".symlinks/plugins/flutter_background_geolocation/ios"
  geolocator_apple:
    :path: ".symlinks/plugins/geolocator_apple/ios"

SPEC CHECKSUMS:
  background_fetch: 39f11371c0dce04b001c4bfd5e782bcccb0a85e2
  CocoaLumberjack: 6a459bc897d6d80bd1b8c78482ec7ad05dffc3f0
  Flutter: e0871f40cf51350855a761d2e70bf5af5b9b5de7
  flutter_background_geolocation: 0a1146cb66f118be6d923fa9b936e9f6f9b08a2c
  geolocator_apple: 9bcea1918ff7f0062d98345d238ae12718acfbc1

PODFILE CHECKSUM: 819463e6a0290f5a72f145ba7cde16e8b6ef0796

COCOAPODS: 1.16.2
